
Microsoft Visual Studio Solution File, Format Version 12.00
# Visual Studio 15
VisualStudioVersion = 15.0.28307.438
MinimumVisualStudioVersion = 10.0.40219.1
Project("{9A19103F-16F7-4668-BE54-9A1E7A4F7556}") = "MathFunctions", "SimpleBasicMathFunctions\MathFunctions.csproj", "{81C1BCE1-1D41-4810-9B22-DFD08B334320}"
EndProject
Global
	GlobalSection(SolutionConfigurationPlatforms) = preSolution
		Debug|Any CPU = Debug|Any CPU
		Release|Any CPU = Release|Any CPU
	EndGlobalSection
	GlobalSection(ProjectConfigurationPlatforms) = postSolution
		{81C1BCE1-1D41-4810-9B22-DFD08B334320}.Debug|Any CPU.ActiveCfg = Debug|Any CPU
		{81C1BCE1-1D41-4810-9B22-DFD08B334320}.Debug|Any CPU.Build.0 = Debug|Any CPU
		{81C1BCE1-1D41-4810-9B22-DFD08B334320}.Release|Any CPU.ActiveCfg = Release|Any CPU
		{81C1BCE1-1D41-4810-9B22-DFD08B334320}.Release|Any CPU.Build.0 = Release|Any CPU
	EndGlobalSection
	GlobalSection(SolutionProperties) = preSolution
		HideSolutionNode = FALSE
	EndGlobalSection
	GlobalSection(ExtensibilityGlobals) = postSolution
		SolutionGuid = {09833AD3-CF5C-4101-A77F-EEF3FDB300A8}
	EndGlobalSection
EndGlobal
